
Microsoft Visual Studio Solution File, Format Version 12.00
# Visual Studio Version 17
VisualStudioVersion = 17.14.36616.10 d17.14
MinimumVisualStudioVersion = 10.0.40219.1
Project("{888888A0-9F3D-457C-B088-3A5042F75D52}") = "bot_aiogram", "bot_aiogram\bot_aiogram.pyproj", "{60AF85D2-2BDA-49AE-A77E-267CB582189D}"
EndProject
Global
	GlobalSection(SolutionConfigurationPlatforms) = preSolution
		Debug|Any CPU = Debug|Any CPU
		Release|Any CPU = Release|Any CPU
	EndGlobalSection
	GlobalSection(ProjectConfigurationPlatforms) = postSolution
		{60AF85D2-2BDA-49AE-A77E-267CB582189D}.Debug|Any CPU.ActiveCfg = Debug|Any CPU
		{60AF85D2-2BDA-49AE-A77E-267CB582189D}.Release|Any CPU.ActiveCfg = Release|Any CPU
	EndGlobalSection
	GlobalSection(SolutionProperties) = preSolution
		HideSolutionNode = FALSE
	EndGlobalSection
	GlobalSection(ExtensibilityGlobals) = postSolution
		SolutionGuid = {7FF277CC-E4D1-43D2-BC82-A58778A69AC4}
	EndGlobalSection
EndGlobal
